
Microsoft Visual Studio Solution File, Format Version 12.00
# Visual Studio Version 17
VisualStudioVersion = 17.2.32616.157
MinimumVisualStudioVersion = 10.0.40219.1
Project("{FAE04EC0-301F-11D3-BF4B-00C04F79EFBC}") = "DataStructurePracticeProblem", "DataStructurePracticeProblem\DataStructurePracticeProblem.csproj", "{450B525D-7E40-4E6C-B7B4-59A877642246}"
EndProject
Global
	GlobalSection(SolutionConfigurationPlatforms) = preSolution
		Debug|Any CPU = Debug|Any CPU
		Release|Any CPU = Release|Any CPU
	EndGlobalSection
	GlobalSection(ProjectConfigurationPlatforms) = postSolution
		{450B525D-7E40-4E6C-B7B4-59A877642246}.Debug|Any CPU.ActiveCfg = Debug|Any CPU
		{450B525D-7E40-4E6C-B7B4-59A877642246}.Debug|Any CPU.Build.0 = Debug|Any CPU
		{450B525D-7E40-4E6C-B7B4-59A877642246}.Release|Any CPU.ActiveCfg = Release|Any CPU
		{450B525D-7E40-4E6C-B7B4-59A877642246}.Release|Any CPU.Build.0 = Release|Any CPU
	EndGlobalSection
	GlobalSection(SolutionProperties) = preSolution
		HideSolutionNode = FALSE
	EndGlobalSection
	GlobalSection(ExtensibilityGlobals) = postSolution
		SolutionGuid = {6B09E507-A651-41DB-9AC0-11C5027FA074}
	EndGlobalSection
EndGlobal
